# THIS IS AN AUTOGENERATED FILE. DO NOT EDIT THIS FILE DIRECTLY.
# yarn lockfile v1


"@fortawesome/fontawesome-free@^7.0.0":
  version "7.0.0"
  resolved "https://registry.yarnpkg.com/@fortawesome/fontawesome-free/-/fontawesome-free-7.0.0.tgz#e4a6788a2d395ea97e7812a096e29bf9c95b944c"
  integrity sha512-X48nISrSOa89zu2VMljC4XaRf8NmgTwQBVHfS2Nu5G00ZwM31oOVrAtGxZF3b6wDYf9lJsf/Eq4cCSFKIkOWPQ==
